
Microsoft Visual Studio Solution File, Format Version 12.00
# Visual Studio Version 17
VisualStudioVersion = 17.0.31903.59
MinimumVisualStudioVersion = 10.0.40219.1
Project("{FAE04EC0-301F-11D3-BF4B-00C04F79EFBC}") = "basicprograms", "basicprograms\basicprograms.csproj", "{50B80E61-90D4-4992-9D02-2453D34E8503}"
EndProject
Global
	GlobalSection(SolutionConfigurationPlatforms) = preSolution
		Debug|Any CPU = Debug|Any CPU
		Release|Any CPU = Release|Any CPU
	EndGlobalSection
	GlobalSection(ProjectConfigurationPlatforms) = postSolution
		{50B80E61-90D4-4992-9D02-2453D34E8503}.Debug|Any CPU.ActiveCfg = Debug|Any CPU
		{50B80E61-90D4-4992-9D02-2453D34E8503}.Debug|Any CPU.Build.0 = Debug|Any CPU
		{50B80E61-90D4-4992-9D02-2453D34E8503}.Release|Any CPU.ActiveCfg = Release|Any CPU
		{50B80E61-90D4-4992-9D02-2453D34E8503}.Release|Any CPU.Build.0 = Release|Any CPU
	EndGlobalSection
	GlobalSection(SolutionProperties) = preSolution
		HideSolutionNode = FALSE
	EndGlobalSection
	GlobalSection(ExtensibilityGlobals) = postSolution
		SolutionGuid = {EC65F997-33C5-416E-B030-927870FED7F4}
	EndGlobalSection
EndGlobal
